// !$*UTF8*$!
{
	archiveVersion = 1;
	classes = {
	};
	objectVersion = 46;
	objects = {

/* Begin PBXBuildFile section */
		034E5BA81F38CEC400966E08 /* AppDelegate.swift in Sources */ = {isa = PBXBuildFile; fileRef = 034E5BA71F38CEC400966E08 /* AppDelegate.swift */; };
		034E5BAA1F38CEC400966E08 /* RestaurantTableViewController.swift in Sources */ = {isa = PBXBuildFile; fileRef = 034E5BA91F38CEC400966E08 /* RestaurantTableViewController.swift */; };
		034E5BAD1F38CEC400966E08 /* Main.storyboard in Resources */ = {isa = PBXBuildFile; fileRef = 034E5BAB1F38CEC400966E08 /* Main.storyboard */; };
		034E5BAF1F38CEC400966E08 /* Assets.xcassets in Resources */ = {isa = PBXBuildFile; fileRef = 034E5BAE1F38CEC400966E08 /* Assets.xcassets */; };
		034E5BB21F38CEC400966E08 /* LaunchScreen.storyboard in Resources */ = {isa = PBXBuildFile; fileRef = 034E5BB01F38CEC400966E08 /* LaunchScreen.storyboard */; };
		035E4EAA1F399E4900FA45E2 /* RestaurantTableViewCell.swift in Sources */ = {isa = PBXBuildFile; fileRef = 035E4EA91F399E4900FA45E2 /* RestaurantTableViewCell.swift */; };
		035E4EAC1F39ADFC00FA45E2 /* Restaurant.swift in Sources */ = {isa = PBXBuildFile; fileRef = 035E4EAB1F39ADFC00FA45E2 /* Restaurant.swift */; };
		035E4EAE1F39F02C00FA45E2 /* RestaurantDetailViewController.swift in Sources */ = {isa = PBXBuildFile; fileRef = 035E4EAD1F39F02C00FA45E2 /* RestaurantDetailViewController.swift */; };
		03A917431F3A2CE500957506 /* RestaurantDetailTableViewCell.swift in Sources */ = {isa = PBXBuildFile; fileRef = 03A917421F3A2CE500957506 /* RestaurantDetailTableViewCell.swift */; };
		03D6EF451F3B7A48008386DF /* ReviewViewController.swift in Sources */ = {isa = PBXBuildFile; fileRef = 03D6EF441F3B7A48008386DF /* ReviewViewController.swift */; };
		03D6EF481F3C0B98008386DF /* MapKit.framework in Frameworks */ = {isa = PBXBuildFile; fileRef = 03D6EF471F3C0B98008386DF /* MapKit.framework */; };
		03E9CC4D1F3C1C5C00493DA7 /* MapViewController.swift in Sources */ = {isa = PBXBuildFile; fileRef = 03E9CC4C1F3C1C5C00493DA7 /* MapViewController.swift */; };
/* End PBXBuildFile section */

/* Begin PBXFileReference section */
		034E5BA41F38CEC400966E08 /* FoodPin.app */ = {isa = PBXFileReference; explicitFileType = wrapper.application; includeInIndex = 0; path = FoodPin.app; sourceTree = BUILT_PRODUCTS_DIR; };
		034E5BA71F38CEC400966E08 /* AppDelegate.swift */ = {isa = PBXFileReference; lastKnownFileType = sourcecode.swift; path = AppDelegate.swift; sourceTree = "<group>"; };
		034E5BA91F38CEC400966E08 /* RestaurantTableViewController.swift */ = {isa = PBXFileReference; lastKnownFileType = sourcecode.swift; path = RestaurantTableViewController.swift; sourceTree = "<group>"; };
		034E5BAC1F38CEC400966E08 /* Base */ = {isa = PBXFileReference; lastKnownFileType = file.storyboard; name = Base; path = Base.lproj/Main.storyboard; sourceTree = "<group>"; };
		034E5BAE1F38CEC400966E08 /* Assets.xcassets */ = {isa = PBXFileReference; lastKnownFileType = folder.assetcatalog; path = Assets.xcassets; sourceTree = "<group>"; };
		034E5BB11F38CEC400966E08 /* Base */ = {isa = PBXFileReference; lastKnownFileType = file.storyboard; name = Base; path = Base.lproj/LaunchScreen.storyboard; sourceTree = "<group>"; };
		034E5BB31F38CEC400966E08 /* Info.plist */ = {isa = PBXFileReference; lastKnownFileType = text.plist.xml; path = Info.plist; sourceTree = "<group>"; };
		035E4EA91F399E4900FA45E2 /* RestaurantTableViewCell.swift */ = {isa = PBXFileReference; fileEncoding = 4; lastKnownFileType = sourcecode.swift; path = RestaurantTableViewCell.swift; sourceTree = "<group>"; };
		035E4EAB1F39ADFC00FA45E2 /* Restaurant.swift */ = {isa = PBXFileReference; fileEncoding = 4; lastKnownFileType = sourcecode.swift; path = Restaurant.swift; sourceTree = "<group>"; };
		035E4EAD1F39F02C00FA45E2 /* RestaurantDetailViewController.swift */ = {isa = PBXFileReference; fileEncoding = 4; lastKnownFileType = sourcecode.swift; path = RestaurantDetailViewController.swift; sourceTree = "<group>"; };
		03A917421F3A2CE500957506 /* RestaurantDetailTableViewCell.swift */ = {isa = PBXFileReference; fileEncoding = 4; lastKnownFileType = sourcecode.swift; path = RestaurantDetailTableViewCell.swift; sourceTree = "<group>"; };
		03D6EF441F3B7A48008386DF /* ReviewViewController.swift */ = {isa = PBXFileReference; fileEncoding = 4; lastKnownFileType = sourcecode.swift; path = ReviewViewController.swift; sourceTree = "<group>"; };
		03D6EF471F3C0B98008386DF /* MapKit.framework */ = {isa = PBXFileReference; lastKnownFileType = wrapper.framework; name = MapKit.framework; path = System/Library/Frameworks/MapKit.framework; sourceTree = SDKROOT; };
		03E9CC4C1F3C1C5C00493DA7 /* MapViewController.swift */ = {isa = PBXFileReference; fileEncoding = 4; lastKnownFileType = sourcecode.swift; path = MapViewController.swift; sourceTree = "<group>"; };
/* End PBXFileReference section */

/* Begin PBXFrameworksBuildPhase section */
		034E5BA11F38CEC400966E08 /* Frameworks */ = {
			isa = PBXFrameworksBuildPhase;
			buildActionMask = 2147483647;
			files = (
				03D6EF481F3C0B98008386DF /* MapKit.framework in Frameworks */,
			);
			runOnlyForDeploymentPostprocessing = 0;
		};
/* End PBXFrameworksBuildPhase section */

/* Begin PBXGroup section */
		034E5B9B1F38CEC400966E08 = {
			isa = PBXGroup;
			children = (
				034E5BA61F38CEC400966E08 /* FoodPin */,
				034E5BA51F38CEC400966E08 /* Products */,
				03D6EF461F3C0B98008386DF /* Frameworks */,
			);
			sourceTree = "<group>";
		};
		034E5BA51F38CEC400966E08 /* Products */ = {
			isa = PBXGroup;
			children = (
				034E5BA41F38CEC400966E08 /* FoodPin.app */,
			);
			name = Products;
			sourceTree = "<group>";
		};
		034E5BA61F38CEC400966E08 /* FoodPin */ = {
			isa = PBXGroup;
			children = (
				03867FF71F3990B8007594B5 /* Model */,
				03867FF81F3990C7007594B5 /* View */,
				03867FF91F3990D8007594B5 /* Controller */,
				03867FFA1F3990EF007594B5 /* Others */,
			);
			path = FoodPin;
			sourceTree = "<group>";
		};
		03867FF71F3990B8007594B5 /* Model */ = {
			isa = PBXGroup;
			children = (
				035E4EAB1F39ADFC00FA45E2 /* Restaurant.swift */,
			);
			name = Model;
			sourceTree = "<group>";
		};
		03867FF81F3990C7007594B5 /* View */ = {
			isa = PBXGroup;
			children = (
				034E5BAB1F38CEC400966E08 /* Main.storyboard */,
				035E4EA91F399E4900FA45E2 /* RestaurantTableViewCell.swift */,
				03A917421F3A2CE500957506 /* RestaurantDetailTableViewCell.swift */,
			);
			name = View;
			sourceTree = "<group>";
		};
		03867FF91F3990D8007594B5 /* Controller */ = {
			isa = PBXGroup;
			children = (
				034E5BA91F38CEC400966E08 /* RestaurantTableViewController.swift */,
				035E4EAD1F39F02C00FA45E2 /* RestaurantDetailViewController.swift */,
				03D6EF441F3B7A48008386DF /* ReviewViewController.swift */,
				03E9CC4C1F3C1C5C00493DA7 /* MapViewController.swift */,
			);
			name = Controller;
			sourceTree = "<group>";
		};
		03867FFA1F3990EF007594B5 /* Others */ = {
			isa = PBXGroup;
			children = (
				034E5BA71F38CEC400966E08 /* AppDelegate.swift */,
				034E5BAE1F38CEC400966E08 /* Assets.xcassets */,
				034E5BB01F38CEC400966E08 /* LaunchScreen.storyboard */,
				034E5BB31F38CEC400966E08 /* Info.plist */,
			);
			name = Others;
			sourceTree = "<group>";
		};
		03D6EF461F3C0B98008386DF /* Frameworks */ = {
			isa = PBXGroup;
			children = (
				03D6EF471F3C0B98008386DF /* MapKit.framework */,
			);
			name = Frameworks;
			sourceTree = "<group>";
		};
/* End PBXGroup section */

/* Begin PBXNativeTarget section */
		034E5BA31F38CEC400966E08 /* FoodPin */ = {
			isa = PBXNativeTarget;
			buildConfigurationList = 034E5BB61F38CEC400966E08 /* Build configuration list for PBXNativeTarget "FoodPin" */;
			buildPhases = (
				034E5BA01F38CEC400966E08 /* Sources */,
				034E5BA11F38CEC400966E08 /* Frameworks */,
				034E5BA21F38CEC400966E08 /* Resources */,
			);
			buildRules = (
			);
			dependencies = (
			);
			name = FoodPin;
			productName = FoodPin;
			productReference = 034E5BA41F38CEC400966E08 /* FoodPin.app */;
			productType = "com.apple.product-type.application";
		};
/* End PBXNativeTarget section */

/* Begin PBXProject section */
		034E5B9C1F38CEC400966E08 /* Project object */ = {
			isa = PBXProject;
			attributes = {
				LastSwiftUpdateCheck = 0830;
				LastUpgradeCheck = 0830;
				ORGANIZATIONNAME = "elliot xin";
				TargetAttributes = {
					034E5BA31F38CEC400966E08 = {
						CreatedOnToolsVersion = 8.3.3;
						DevelopmentTeam = EMPSWKU6W8;
						ProvisioningStyle = Automatic;
						SystemCapabilities = {
							com.apple.Maps.iOS = {
								enabled = 1;
							};
						};
					};
				};
			};
			buildConfigurationList = 034E5B9F1F38CEC400966E08 /* Build configuration list for PBXProject "FoodPin" */;
			compatibilityVersion = "Xcode 3.2";
			developmentRegion = English;
			hasScannedForEncodings = 0;
			knownRegions = (
				en,
				Base,
			);
			mainGroup = 034E5B9B1F38CEC400966E08;
			productRefGroup = 034E5BA51F38CEC400966E08 /* Products */;
			projectDirPath = "";
			projectRoot = "";
			targets = (
				034E5BA31F38CEC400966E08 /* FoodPin */,
			);
		};
/* End PBXProject section */

/* Begin PBXResourcesBuildPhase section */
		034E5BA21F38CEC400966E08 /* Resources */ = {
			isa = PBXResourcesBuildPhase;
			buildActionMask = 2147483647;
			files = (
				034E5BB21F38CEC400966E08 /* LaunchScreen.storyboard in Resources */,
				034E5BAF1F38CEC400966E08 /* Assets.xcassets in Resources */,
				034E5BAD1F38CEC400966E08 /* Main.storyboard in Resources */,
			);
			runOnlyForDeploymentPostprocessing = 0;
		};
/* End PBXResourcesBuildPhase section */

/* Begin PBXSourcesBuildPhase section */
		034E5BA01F38CEC400966E08 /* Sources */ = {
			isa = PBXSourcesBuildPhase;
			buildActionMask = 2147483647;
			files = (
				035E4EAC1F39ADFC00FA45E2 /* Restaurant.swift in Sources */,
				034E5BAA1F38CEC400966E08 /* RestaurantTableViewController.swift in Sources */,
				03D6EF451F3B7A48008386DF /* ReviewViewController.swift in Sources */,
				035E4EAE1F39F02C00FA45E2 /* RestaurantDetailViewController.swift in Sources */,
				03A917431F3A2CE500957506 /* RestaurantDetailTableViewCell.swift in Sources */,
				035E4EAA1F399E4900FA45E2 /* RestaurantTableViewCell.swift in Sources */,
				034E5BA81F38CEC400966E08 /* AppDelegate.swift in Sources */,
				03E9CC4D1F3C1C5C00493DA7 /* MapViewController.swift in Sources */,
			);
			runOnlyForDeploymentPostprocessing = 0;
		};
/* End PBXSourcesBuildPhase section */

/* Begin PBXVariantGroup section */
		034E5BAB1F38CEC400966E08 /* Main.storyboard */ = {
			isa = PBXVariantGroup;
			children = (
				034E5BAC1F38CEC400966E08 /* Base */,
			);
			name = Main.storyboard;
			sourceTree = "<group>";
		};
		034E5BB01F38CEC400966E08 /* LaunchScreen.storyboard */ = {
			isa = PBXVariantGroup;
			children = (
				034E5BB11F38CEC400966E08 /* Base */,
			);
			name = LaunchScreen.storyboard;
			sourceTree = "<group>";
		};
/* End PBXVariantGroup section */

/* Begin XCBuildConfiguration section */
		034E5BB41F38CEC400966E08 /* Debug */ = {
			isa = XCBuildConfiguration;
			buildSettings = {
				ALWAYS_SEARCH_USER_PATHS = NO;
				CLANG_ANALYZER_NONNULL = YES;
				CLANG_ANALYZER_NUMBER_OBJECT_CONVERSION = YES_AGGRESSIVE;
				CLANG_CXX_LANGUAGE_STANDARD = "gnu++0x";
				CLANG_CXX_LIBRARY = "libc++";
				CLANG_ENABLE_MODULES = YES;
				CLANG_ENABLE_OBJC_ARC = YES;
				CLANG_WARN_BOOL_CONVERSION = YES;
				CLANG_WARN_CONSTANT_CONVERSION = YES;
				CLANG_WARN_DIRECT_OBJC_ISA_USAGE = YES_ERROR;
				CLANG_WARN_DOCUMENTATION_COMMENTS = YES;
				CLANG_WARN_EMPTY_BODY = YES;
				CLANG_WARN_ENUM_CONVERSION = YES;
				CLANG_WARN_INFINITE_RECURSION = YES;
				CLANG_WARN_INT_CONVERSION = YES;
				CLANG_WARN_OBJC_ROOT_CLASS = YES_ERROR;
				CLANG_WARN_SUSPICIOUS_MOVE = YES;
				CLANG_WARN_UNREACHABLE_CODE = YES;
				CLANG_WARN__DUPLICATE_METHOD_MATCH = YES;
				"CODE_SIGN_IDENTITY[sdk=iphoneos*]" = "iPhone Developer";
				COPY_PHASE_STRIP = NO;
				DEBUG_INFORMATION_FORMAT = dwarf;
				ENABLE_STRICT_OBJC_MSGSEND = YES;
				ENABLE_TESTABILITY = YES;
				GCC_C_LANGUAGE_STANDARD = gnu99;
				GCC_DYNAMIC_NO_PIC = NO;
				GCC_NO_COMMON_BLOCKS = YES;
				GCC_OPTIMIZATION_LEVEL = 0;
				GCC_PREPROCESSOR_DEFINITIONS = (
					"DEBUG=1",
					"$(inherited)",
				);
				GCC_WARN_64_TO_32_BIT_CONVERSION = YES;
				GCC_WARN_ABOUT_RETURN_TYPE = YES_ERROR;
				GCC_WARN_UNDECLARED_SELECTOR = YES;
				GCC_WARN_UNINITIALIZED_AUTOS = YES_AGGRESSIVE;
				GCC_WARN_UNUSED_FUNCTION = YES;
				GCC_WARN_UNUSED_VARIABLE = YES;
				IPHONEOS_DEPLOYMENT_TARGET = 10.3;
				MTL_ENABLE_DEBUG_INFO = YES;
				ONLY_ACTIVE_ARCH = YES;
				SDKROOT = iphoneos;
				SWIFT_ACTIVE_COMPILATION_CONDITIONS = DEBUG;
				SWIFT_OPTIMIZATION_LEVEL = "-Onone";
			};
			name = Debug;
		};
		034E5BB51F38CEC400966E08 /* Release */ = {
			isa = XCBuildConfiguration;
			buildSettings = {
				ALWAYS_SEARCH_USER_PATHS = NO;
				CLANG_ANALYZER_NONNULL = YES;
				CLANG_ANALYZER_NUMBER_OBJECT_CONVERSION = YES_AGGRESSIVE;
				CLANG_CXX_LANGUAGE_STANDARD = "gnu++0x";
				CLANG_CXX_LIBRARY = "libc++";
				CLANG_ENABLE_MODULES = YES;
				CLANG_ENABLE_OBJC_ARC = YES;
				CLANG_WARN_BOOL_CONVERSION = YES;
				CLANG_WARN_CONSTANT_CONVERSION = YES;
				CLANG_WARN_DIRECT_OBJC_ISA_USAGE = YES_ERROR;
				CLANG_WARN_DOCUMENTATION_COMMENTS = YES;
				CLANG_WARN_EMPTY_BODY = YES;
				CLANG_WARN_ENUM_CONVERSION = YES;
				CLANG_WARN_INFINITE_RECURSION = YES;
				CLANG_WARN_INT_CONVERSION = YES;
				CLANG_WARN_OBJC_ROOT_CLASS = YES_ERROR;
				CLANG_WARN_SUSPICIOUS_MOVE = YES;
				CLANG_WARN_UNREACHABLE_CODE = YES;
				CLANG_WARN__DUPLICATE_METHOD_MATCH = YES;
				"CODE_SIGN_IDENTITY[sdk=iphoneos*]" = "iPhone Developer";
				COPY_PHASE_STRIP = NO;
				DEBUG_INFORMATION_FORMAT = "dwarf-with-dsym";
				ENABLE_NS_ASSERTIONS = NO;
				ENABLE_STRICT_OBJC_MSGSEND = YES;
				GCC_C_LANGUAGE_STANDARD = gnu99;
				GCC_NO_COMMON_BLOCKS = YES;
				GCC_WARN_64_TO_32_BIT_CONVERSION = YES;
				GCC_WARN_ABOUT_RETURN_TYPE = YES_ERROR;
				GCC_WARN_UNDECLARED_SELECTOR = YES;
				GCC_WARN_UNINITIALIZED_AUTOS = YES_AGGRESSIVE;
				GCC_WARN_UNUSED_FUNCTION = YES;
				GCC_WARN_UNUSED_VARIABLE = YES;
				IPHONEOS_DEPLOYMENT_TARGET = 10.3;
				MTL_ENABLE_DEBUG_INFO = NO;
				SDKROOT = iphoneos;
				SWIFT_OPTIMIZATION_LEVEL = "-Owholemodule";
				VALIDATE_PRODUCT = YES;
			};
			name = Release;
		};
		034E5BB71F38CEC400966E08 /* Debug */ = {
			isa = XCBuildConfiguration;
			buildSettings = {
				ASSETCATALOG_COMPILER_APPICON_NAME = AppIcon;
				DEVELOPMENT_TEAM = EMPSWKU6W8;
				INFOPLIST_FILE = FoodPin/Info.plist;
				LD_RUNPATH_SEARCH_PATHS = "$(inherited) @executable_path/Frameworks";
				PRODUCT_BUNDLE_IDENTIFIER = com.elliot.FoodPin;
				PRODUCT_NAME = "$(TARGET_NAME)";
				SWIFT_VERSION = 3.0;
			};
			name = Debug;
		};
		034E5BB81F38CEC400966E08 /* Release */ = {
			isa = XCBuildConfiguration;
			buildSettings = {
				ASSETCATALOG_COMPILER_APPICON_NAME = AppIcon;
				DEVELOPMENT_TEAM = EMPSWKU6W8;
				INFOPLIST_FILE = FoodPin/Info.plist;
				LD_RUNPATH_SEARCH_PATHS = "$(inherited) @executable_path/Frameworks";
				PRODUCT_BUNDLE_IDENTIFIER = com.elliot.FoodPin;
				PRODUCT_NAME = "$(TARGET_NAME)";
				SWIFT_VERSION = 3.0;
			};
			name = Release;
		};
/* End XCBuildConfiguration section */

/* Begin XCConfigurationList section */
		034E5B9F1F38CEC400966E08 /* Build configuration list for PBXProject "FoodPin" */ = {
			isa = XCConfigurationList;
			buildConfigurations = (
				034E5BB41F38CEC400966E08 /* Debug */,
				034E5BB51F38CEC400966E08 /* Release */,
			);
			defaultConfigurationIsVisible = 0;
			defaultConfigurationName = Release;
		};
		034E5BB61F38CEC400966E08 /* Build configuration list for PBXNativeTarget "FoodPin" */ = {
			isa = XCConfigurationList;
			buildConfigurations = (
				034E5BB71F38CEC400966E08 /* Debug */,
				034E5BB81F38CEC400966E08 /* Release */,
			);
			defaultConfigurationIsVisible = 0;
			defaultConfigurationName = Release;
		};
/* End XCConfigurationList section */
	};
	rootObject = 034E5B9C1F38CEC400966E08 /* Project object */;
}
